
Microsoft Visual Studio Solution File, Format Version 12.00
# Visual Studio Version 16
VisualStudioVersion = 16.0.29519.181
MinimumVisualStudioVersion = 10.0.40219.1
Project("{9A19103F-16F7-4668-BE54-9A1E7A4F7556}") = "CoreDui", "CoreDui\CoreDui.csproj", "{8FBE6D11-CAD7-4C1C-97CB-6B88BB0AE662}"
EndProject
Project("{9A19103F-16F7-4668-BE54-9A1E7A4F7556}") = "CoreDuiWebApi", "CoreDuiWebApi\CoreDuiWebApi.csproj", "{77D5FBA7-9B61-4E0B-9384-563738FAE74A}"
EndProject
Global
	GlobalSection(SolutionConfigurationPlatforms) = preSolution
		Debug|Any CPU = Debug|Any CPU
		Release|Any CPU = Release|Any CPU
	EndGlobalSection
	GlobalSection(ProjectConfigurationPlatforms) = postSolution
		{8FBE6D11-CAD7-4C1C-97CB-6B88BB0AE662}.Debug|Any CPU.ActiveCfg = Debug|Any CPU
		{8FBE6D11-CAD7-4C1C-97CB-6B88BB0AE662}.Debug|Any CPU.Build.0 = Debug|Any CPU
		{8FBE6D11-CAD7-4C1C-97CB-6B88BB0AE662}.Release|Any CPU.ActiveCfg = Release|Any CPU
		{8FBE6D11-CAD7-4C1C-97CB-6B88BB0AE662}.Release|Any CPU.Build.0 = Release|Any CPU
		{77D5FBA7-9B61-4E0B-9384-563738FAE74A}.Debug|Any CPU.ActiveCfg = Debug|Any CPU
		{77D5FBA7-9B61-4E0B-9384-563738FAE74A}.Debug|Any CPU.Build.0 = Debug|Any CPU
		{77D5FBA7-9B61-4E0B-9384-563738FAE74A}.Release|Any CPU.ActiveCfg = Release|Any CPU
		{77D5FBA7-9B61-4E0B-9384-563738FAE74A}.Release|Any CPU.Build.0 = Release|Any CPU
	EndGlobalSection
	GlobalSection(SolutionProperties) = preSolution
		HideSolutionNode = FALSE
	EndGlobalSection
	GlobalSection(ExtensibilityGlobals) = postSolution
		SolutionGuid = {6FD0E177-3EF2-4BBE-9481-B0ADAEBCAAB4}
	EndGlobalSection
EndGlobal
